
Microsoft Visual Studio Solution File, Format Version 12.00
# Visual Studio Version 16
VisualStudioVersion = 16.0.30621.155
MinimumVisualStudioVersion = 10.0.40219.1
Project("{FAE04EC0-301F-11D3-BF4B-00C04F79EFBC}") = "ChallengeMeli", "ChallengeMeli\ChallengeMeli.csproj", "{344AD8DF-17B3-449D-ABF9-F0882A608A94}"
EndProject
Global
	GlobalSection(SolutionConfigurationPlatforms) = preSolution
		Debug|Any CPU = Debug|Any CPU
		Release|Any CPU = Release|Any CPU
	EndGlobalSection
	GlobalSection(ProjectConfigurationPlatforms) = postSolution
		{344AD8DF-17B3-449D-ABF9-F0882A608A94}.Debug|Any CPU.ActiveCfg = Debug|Any CPU
		{344AD8DF-17B3-449D-ABF9-F0882A608A94}.Debug|Any CPU.Build.0 = Debug|Any CPU
		{344AD8DF-17B3-449D-ABF9-F0882A608A94}.Release|Any CPU.ActiveCfg = Release|Any CPU
		{344AD8DF-17B3-449D-ABF9-F0882A608A94}.Release|Any CPU.Build.0 = Release|Any CPU
	EndGlobalSection
	GlobalSection(SolutionProperties) = preSolution
		HideSolutionNode = FALSE
	EndGlobalSection
	GlobalSection(ExtensibilityGlobals) = postSolution
		SolutionGuid = {311625E0-B80F-4F6A-94D2-57B74520F167}
	EndGlobalSection
EndGlobal
